
Microsoft Visual Studio Solution File, Format Version 12.00
# Visual Studio Version 16
VisualStudioVersion = 16.0.29806.167
MinimumVisualStudioVersion = 10.0.40219.1
Project("{9A19103F-16F7-4668-BE54-9A1E7A4F7556}") = "SmartDb.Mapper.NetCore", "SmartDb.Mapper.NetCore\SmartDb.Mapper.NetCore.csproj", "{C415791A-BF84-4E10-B233-800B754464EB}"
EndProject
Project("{9A19103F-16F7-4668-BE54-9A1E7A4F7556}") = "SmartDb.NetCore", "SmartDb.NetCore\SmartDb.NetCore.csproj", "{BB327ED6-6B30-41D7-B65E-0EEA87DD33E1}"
EndProject
Project("{9A19103F-16F7-4668-BE54-9A1E7A4F7556}") = "SmartDb.MySql.NetCore", "SmartDb.MySql.NetCore\SmartDb.MySql.NetCore.csproj", "{D956CB06-DEFF-4BA1-AE40-1FA3E5717377}"
EndProject
Project("{9A19103F-16F7-4668-BE54-9A1E7A4F7556}") = "SmartDb.PostgreSql.NetCore", "SmartDb.PostgreSql.NetCore\SmartDb.PostgreSql.NetCore.csproj", "{7FC665AB-5076-4A2D-867F-BE99374CD931}"
EndProject
Project("{9A19103F-16F7-4668-BE54-9A1E7A4F7556}") = "SmartDb.SQLite.NetCore", "SmartDb.SQLite.NetCore\SmartDb.SQLite.NetCore.csproj", "{645732FD-273F-40CF-BC04-6B03C1172BD4}"
EndProject
Project("{9A19103F-16F7-4668-BE54-9A1E7A4F7556}") = "SmartDb.SqlServer.NetCore", "SmartDb.SqlServer.NetCore\SmartDb.SqlServer.NetCore.csproj", "{1919E859-CD03-4E64-9E54-E1459863DD1D}"
EndProject
Project("{9A19103F-16F7-4668-BE54-9A1E7A4F7556}") = "TestSmartDbRepository", "TestSmartDbRepository\TestSmartDbRepository.csproj", "{B2EE2033-D548-46AD-9A63-5FC75FD5169A}"
EndProject
Project("{9A19103F-16F7-4668-BE54-9A1E7A4F7556}") = "TestSmartDbConsole", "TestSmartDbConsole\TestSmartDbConsole.csproj", "{6C655C24-3226-43D8-B384-AB12602CBC2D}"
EndProject
Project("{9A19103F-16F7-4668-BE54-9A1E7A4F7556}") = "SmartDb.Repository.NetCore", "SmartDb.Repository.NetCore\SmartDb.Repository.NetCore.csproj", "{BAA13962-2D79-47E8-B434-246B304782F9}"
EndProject
Project("{2150E333-8FDC-42A3-9474-1A3956D46DE8}") = "Test", "Test", "{A9D83DBB-5806-49C3-BFAF-86510C1C74F0}"
EndProject
Global
	GlobalSection(SolutionConfigurationPlatforms) = preSolution
		Debug|Any CPU = Debug|Any CPU
		Release|Any CPU = Release|Any CPU
	EndGlobalSection
	GlobalSection(ProjectConfigurationPlatforms) = postSolution
		{C415791A-BF84-4E10-B233-800B754464EB}.Debug|Any CPU.ActiveCfg = Debug|Any CPU
		{C415791A-BF84-4E10-B233-800B754464EB}.Debug|Any CPU.Build.0 = Debug|Any CPU
		{C415791A-BF84-4E10-B233-800B754464EB}.Release|Any CPU.ActiveCfg = Release|Any CPU
		{C415791A-BF84-4E10-B233-800B754464EB}.Release|Any CPU.Build.0 = Release|Any CPU
		{BB327ED6-6B30-41D7-B65E-0EEA87DD33E1}.Debug|Any CPU.ActiveCfg = Debug|Any CPU
		{BB327ED6-6B30-41D7-B65E-0EEA87DD33E1}.Debug|Any CPU.Build.0 = Debug|Any CPU
		{BB327ED6-6B30-41D7-B65E-0EEA87DD33E1}.Release|Any CPU.ActiveCfg = Release|Any CPU
		{BB327ED6-6B30-41D7-B65E-0EEA87DD33E1}.Release|Any CPU.Build.0 = Release|Any CPU
		{D956CB06-DEFF-4BA1-AE40-1FA3E5717377}.Debug|Any CPU.ActiveCfg = Debug|Any CPU
		{D956CB06-DEFF-4BA1-AE40-1FA3E5717377}.Debug|Any CPU.Build.0 = Debug|Any CPU
		{D956CB06-DEFF-4BA1-AE40-1FA3E5717377}.Release|Any CPU.ActiveCfg = Release|Any CPU
		{D956CB06-DEFF-4BA1-AE40-1FA3E5717377}.Release|Any CPU.Build.0 = Release|Any CPU
		{7FC665AB-5076-4A2D-867F-BE99374CD931}.Debug|Any CPU.ActiveCfg = Debug|Any CPU
		{7FC665AB-5076-4A2D-867F-BE99374CD931}.Debug|Any CPU.Build.0 = Debug|Any CPU
		{7FC665AB-5076-4A2D-867F-BE99374CD931}.Release|Any CPU.ActiveCfg = Release|Any CPU
		{7FC665AB-5076-4A2D-867F-BE99374CD931}.Release|Any CPU.Build.0 = Release|Any CPU
		{645732FD-273F-40CF-BC04-6B03C1172BD4}.Debug|Any CPU.ActiveCfg = Debug|Any CPU
		{645732FD-273F-40CF-BC04-6B03C1172BD4}.Debug|Any CPU.Build.0 = Debug|Any CPU
		{645732FD-273F-40CF-BC04-6B03C1172BD4}.Release|Any CPU.ActiveCfg = Release|Any CPU
		{645732FD-273F-40CF-BC04-6B03C1172BD4}.Release|Any CPU.Build.0 = Release|Any CPU
		{1919E859-CD03-4E64-9E54-E1459863DD1D}.Debug|Any CPU.ActiveCfg = Debug|Any CPU
		{1919E859-CD03-4E64-9E54-E1459863DD1D}.Debug|Any CPU.Build.0 = Debug|Any CPU
		{1919E859-CD03-4E64-9E54-E1459863DD1D}.Release|Any CPU.ActiveCfg = Release|Any CPU
		{1919E859-CD03-4E64-9E54-E1459863DD1D}.Release|Any CPU.Build.0 = Release|Any CPU
		{B2EE2033-D548-46AD-9A63-5FC75FD5169A}.Debug|Any CPU.ActiveCfg = Debug|Any CPU
		{B2EE2033-D548-46AD-9A63-5FC75FD5169A}.Debug|Any CPU.Build.0 = Debug|Any CPU
		{B2EE2033-D548-46AD-9A63-5FC75FD5169A}.Release|Any CPU.ActiveCfg = Release|Any CPU
		{B2EE2033-D548-46AD-9A63-5FC75FD5169A}.Release|Any CPU.Build.0 = Release|Any CPU
		{6C655C24-3226-43D8-B384-AB12602CBC2D}.Debug|Any CPU.ActiveCfg = Debug|Any CPU
		{6C655C24-3226-43D8-B384-AB12602CBC2D}.Debug|Any CPU.Build.0 = Debug|Any CPU
		{6C655C24-3226-43D8-B384-AB12602CBC2D}.Release|Any CPU.ActiveCfg = Release|Any CPU
		{6C655C24-3226-43D8-B384-AB12602CBC2D}.Release|Any CPU.Build.0 = Release|Any CPU
		{BAA13962-2D79-47E8-B434-246B304782F9}.Debug|Any CPU.ActiveCfg = Debug|Any CPU
		{BAA13962-2D79-47E8-B434-246B304782F9}.Debug|Any CPU.Build.0 = Debug|Any CPU
		{BAA13962-2D79-47E8-B434-246B304782F9}.Release|Any CPU.ActiveCfg = Release|Any CPU
		{BAA13962-2D79-47E8-B434-246B304782F9}.Release|Any CPU.Build.0 = Release|Any CPU
	EndGlobalSection
	GlobalSection(SolutionProperties) = preSolution
		HideSolutionNode = FALSE
	EndGlobalSection
	GlobalSection(NestedProjects) = preSolution
		{B2EE2033-D548-46AD-9A63-5FC75FD5169A} = {A9D83DBB-5806-49C3-BFAF-86510C1C74F0}
		{6C655C24-3226-43D8-B384-AB12602CBC2D} = {A9D83DBB-5806-49C3-BFAF-86510C1C74F0}
	EndGlobalSection
	GlobalSection(ExtensibilityGlobals) = postSolution
		SolutionGuid = {8F78A327-5D24-40FB-B000-084436AB4611}
	EndGlobalSection
EndGlobal
